
Microsoft Visual Studio Solution File, Format Version 12.00
# Visual Studio 2012
Project("{FAE04EC0-301F-11D3-BF4B-00C04F79EFBC}") = "Ax.CD.Dashboard.Service", "Ax.CD.Dashboard.Service\Ax.CD.Dashboard.Service.csproj", "{5C751B8C-EA52-4248-ACA0-EFE2C8B138AB}"
EndProject
Project("{FAE04EC0-301F-11D3-BF4B-00C04F79EFBC}") = "Ax.Model", "Ax.Model\Ax.Model.csproj", "{C7D6707A-EFCE-4318-902A-A6EB359B8E25}"
EndProject
Project("{FAE04EC0-301F-11D3-BF4B-00C04F79EFBC}") = "Web.Client.Rest", "Web.Client.Rest\Web.Client.Rest\Web.Client.Rest.csproj", "{9723A2F2-B7EA-45F2-8646-7C0F77C7A616}"
EndProject
Project("{FAE04EC0-301F-11D3-BF4B-00C04F79EFBC}") = "Dashboard.Model", "Dashboard.Model\Dashboard.Model.csproj", "{951016BE-D07D-41C7-B217-AE254CEEE838}"
EndProject
Project("{FAE04EC0-301F-11D3-BF4B-00C04F79EFBC}") = "Ax.CD.Dashboard.Board", "Ax.CD.Dashboard.Board\Ax.CD.Dashboard.Board.csproj", "{4B8096C5-0D21-4E7D-BB35-AA38DB37A262}"
EndProject
Project("{FAE04EC0-301F-11D3-BF4B-00C04F79EFBC}") = "Ax.CD.Dashboard.WindowsService", "Ax.CD.Dashboard.WindowsService\Ax.CD.Dashboard.WindowsService.csproj", "{C09E323C-AE1D-4E38-96D5-799A09DE1F56}"
EndProject
Project("{FAE04EC0-301F-11D3-BF4B-00C04F79EFBC}") = "Ax.CD.Dashboard.Worker", "Ax.CD.Dashboard.Worker\Ax.CD.Dashboard.Worker.csproj", "{32A9081F-9D24-4E47-903D-3208AF156A73}"
EndProject
Project("{FAE04EC0-301F-11D3-BF4B-00C04F79EFBC}") = "Ax.CD.Dashboard.WindowsForm", "Ax.CD.Dashboard.WindowsForm\Ax.CD.Dashboard.WindowsForm.csproj", "{AC0D3CAF-723B-4C8D-AB15-4D1A52F4D52A}"
EndProject
Global
	GlobalSection(SolutionConfigurationPlatforms) = preSolution
		Debug|Any CPU = Debug|Any CPU
		Release|Any CPU = Release|Any CPU
	EndGlobalSection
	GlobalSection(ProjectConfigurationPlatforms) = postSolution
		{5C751B8C-EA52-4248-ACA0-EFE2C8B138AB}.Debug|Any CPU.ActiveCfg = Debug|Any CPU
		{5C751B8C-EA52-4248-ACA0-EFE2C8B138AB}.Debug|Any CPU.Build.0 = Debug|Any CPU
		{5C751B8C-EA52-4248-ACA0-EFE2C8B138AB}.Release|Any CPU.ActiveCfg = Release|Any CPU
		{5C751B8C-EA52-4248-ACA0-EFE2C8B138AB}.Release|Any CPU.Build.0 = Release|Any CPU
		{C7D6707A-EFCE-4318-902A-A6EB359B8E25}.Debug|Any CPU.ActiveCfg = Debug|Any CPU
		{C7D6707A-EFCE-4318-902A-A6EB359B8E25}.Debug|Any CPU.Build.0 = Debug|Any CPU
		{C7D6707A-EFCE-4318-902A-A6EB359B8E25}.Release|Any CPU.ActiveCfg = Release|Any CPU
		{C7D6707A-EFCE-4318-902A-A6EB359B8E25}.Release|Any CPU.Build.0 = Release|Any CPU
		{9723A2F2-B7EA-45F2-8646-7C0F77C7A616}.Debug|Any CPU.ActiveCfg = Debug|Any CPU
		{9723A2F2-B7EA-45F2-8646-7C0F77C7A616}.Debug|Any CPU.Build.0 = Debug|Any CPU
		{9723A2F2-B7EA-45F2-8646-7C0F77C7A616}.Release|Any CPU.ActiveCfg = Release|Any CPU
		{9723A2F2-B7EA-45F2-8646-7C0F77C7A616}.Release|Any CPU.Build.0 = Release|Any CPU
		{951016BE-D07D-41C7-B217-AE254CEEE838}.Debug|Any CPU.ActiveCfg = Debug|Any CPU
		{951016BE-D07D-41C7-B217-AE254CEEE838}.Debug|Any CPU.Build.0 = Debug|Any CPU
		{951016BE-D07D-41C7-B217-AE254CEEE838}.Release|Any CPU.ActiveCfg = Release|Any CPU
		{951016BE-D07D-41C7-B217-AE254CEEE838}.Release|Any CPU.Build.0 = Release|Any CPU
		{4B8096C5-0D21-4E7D-BB35-AA38DB37A262}.Debug|Any CPU.ActiveCfg = Debug|Any CPU
		{4B8096C5-0D21-4E7D-BB35-AA38DB37A262}.Debug|Any CPU.Build.0 = Debug|Any CPU
		{4B8096C5-0D21-4E7D-BB35-AA38DB37A262}.Release|Any CPU.ActiveCfg = Release|Any CPU
		{4B8096C5-0D21-4E7D-BB35-AA38DB37A262}.Release|Any CPU.Build.0 = Release|Any CPU
		{C09E323C-AE1D-4E38-96D5-799A09DE1F56}.Debug|Any CPU.ActiveCfg = Debug|Any CPU
		{C09E323C-AE1D-4E38-96D5-799A09DE1F56}.Debug|Any CPU.Build.0 = Debug|Any CPU
		{C09E323C-AE1D-4E38-96D5-799A09DE1F56}.Release|Any CPU.ActiveCfg = Release|Any CPU
		{C09E323C-AE1D-4E38-96D5-799A09DE1F56}.Release|Any CPU.Build.0 = Release|Any CPU
		{32A9081F-9D24-4E47-903D-3208AF156A73}.Debug|Any CPU.ActiveCfg = Debug|Any CPU
		{32A9081F-9D24-4E47-903D-3208AF156A73}.Debug|Any CPU.Build.0 = Debug|Any CPU
		{32A9081F-9D24-4E47-903D-3208AF156A73}.Release|Any CPU.ActiveCfg = Release|Any CPU
		{32A9081F-9D24-4E47-903D-3208AF156A73}.Release|Any CPU.Build.0 = Release|Any CPU
		{AC0D3CAF-723B-4C8D-AB15-4D1A52F4D52A}.Debug|Any CPU.ActiveCfg = Debug|Any CPU
		{AC0D3CAF-723B-4C8D-AB15-4D1A52F4D52A}.Debug|Any CPU.Build.0 = Debug|Any CPU
		{AC0D3CAF-723B-4C8D-AB15-4D1A52F4D52A}.Release|Any CPU.ActiveCfg = Release|Any CPU
		{AC0D3CAF-723B-4C8D-AB15-4D1A52F4D52A}.Release|Any CPU.Build.0 = Release|Any CPU
	EndGlobalSection
	GlobalSection(SolutionProperties) = preSolution
		HideSolutionNode = FALSE
	EndGlobalSection
EndGlobal
